
Microsoft Visual Studio Solution File, Format Version 12.00
# Visual Studio 15
VisualStudioVersion = 15.0.27004.2009
MinimumVisualStudioVersion = 10.0.40219.1
Project("{888888A0-9F3D-457C-B088-3A5042F75D52}") = "SMS_Fuzzing", "SMS_Fuzzing\SMS_Fuzzing.pyproj", "{D061403D-4712-44D6-9AC9-F639966106E3}"
EndProject
Global
	GlobalSection(SolutionConfigurationPlatforms) = preSolution
		Debug|Any CPU = Debug|Any CPU
		Release|Any CPU = Release|Any CPU
	EndGlobalSection
	GlobalSection(ProjectConfigurationPlatforms) = postSolution
		{D061403D-4712-44D6-9AC9-F639966106E3}.Debug|Any CPU.ActiveCfg = Debug|Any CPU
		{D061403D-4712-44D6-9AC9-F639966106E3}.Release|Any CPU.ActiveCfg = Release|Any CPU
	EndGlobalSection
	GlobalSection(SolutionProperties) = preSolution
		HideSolutionNode = FALSE
	EndGlobalSection
	GlobalSection(ExtensibilityGlobals) = postSolution
		SolutionGuid = {F4772D7A-C8DC-4C41-B85D-DB29CEC07E68}
	EndGlobalSection
EndGlobal
